
Microsoft Visual Studio Solution File, Format Version 12.00
# Visual Studio Version 16
VisualStudioVersion = 16.0.30104.148
MinimumVisualStudioVersion = 10.0.40219.1
Project("{FAE04EC0-301F-11D3-BF4B-00C04F79EFBC}") = "ZhakalenDk.Web.SGAI", "ZhakalenDk.Web.SGAI\ZhakalenDk.Web.SGAI.csproj", "{E048F1C1-6A18-4240-A876-0989050874C3}"
EndProject
Project("{9A19103F-16F7-4668-BE54-9A1E7A4F7556}") = "AuthTestConsole", "AuthTestConsole\AuthTestConsole.csproj", "{41311088-368A-4DB5-89E8-E7615C6A6B81}"
EndProject
Project("{FAE04EC0-301F-11D3-BF4B-00C04F79EFBC}") = "ZhakalenDk.Web.SGAI.Tests", "ZhakalenDk.Web.SGAI.Tests\ZhakalenDk.Web.SGAI.Tests.csproj", "{A9BEF42F-F756-427B-BA16-5A4BC640A59D}"
EndProject
Global
	GlobalSection(SolutionConfigurationPlatforms) = preSolution
		Debug|Any CPU = Debug|Any CPU
		Release|Any CPU = Release|Any CPU
	EndGlobalSection
	GlobalSection(ProjectConfigurationPlatforms) = postSolution
		{E048F1C1-6A18-4240-A876-0989050874C3}.Debug|Any CPU.ActiveCfg = Debug|Any CPU
		{E048F1C1-6A18-4240-A876-0989050874C3}.Debug|Any CPU.Build.0 = Debug|Any CPU
		{E048F1C1-6A18-4240-A876-0989050874C3}.Release|Any CPU.ActiveCfg = Release|Any CPU
		{E048F1C1-6A18-4240-A876-0989050874C3}.Release|Any CPU.Build.0 = Release|Any CPU
		{41311088-368A-4DB5-89E8-E7615C6A6B81}.Debug|Any CPU.ActiveCfg = Debug|Any CPU
		{41311088-368A-4DB5-89E8-E7615C6A6B81}.Debug|Any CPU.Build.0 = Debug|Any CPU
		{41311088-368A-4DB5-89E8-E7615C6A6B81}.Release|Any CPU.ActiveCfg = Release|Any CPU
		{41311088-368A-4DB5-89E8-E7615C6A6B81}.Release|Any CPU.Build.0 = Release|Any CPU
		{A9BEF42F-F756-427B-BA16-5A4BC640A59D}.Debug|Any CPU.ActiveCfg = Debug|Any CPU
		{A9BEF42F-F756-427B-BA16-5A4BC640A59D}.Debug|Any CPU.Build.0 = Debug|Any CPU
		{A9BEF42F-F756-427B-BA16-5A4BC640A59D}.Release|Any CPU.ActiveCfg = Release|Any CPU
		{A9BEF42F-F756-427B-BA16-5A4BC640A59D}.Release|Any CPU.Build.0 = Release|Any CPU
	EndGlobalSection
	GlobalSection(SolutionProperties) = preSolution
		HideSolutionNode = FALSE
	EndGlobalSection
	GlobalSection(ExtensibilityGlobals) = postSolution
		SolutionGuid = {1B464040-434F-45CC-A3D9-42FEC7805F6E}
	EndGlobalSection
EndGlobal
